
Microsoft Visual Studio Solution File, Format Version 12.00
# Visual Studio Version 16
VisualStudioVersion = 16.0.29709.97
MinimumVisualStudioVersion = 10.0.40219.1
Project("{FAE04EC0-301F-11D3-BF4B-00C04F79EFBC}") = "Lesson6_add", "ConsoleApp1\Lesson6_add.csproj", "{4E3C9A0B-A01F-4D0C-B80D-C5FC737EDB68}"
EndProject
Project("{FAE04EC0-301F-11D3-BF4B-00C04F79EFBC}") = "LEsson6_2", "LEsson6_1\LEsson6_2.csproj", "{AC0F2747-F11F-4D9D-A844-3ED463C6891F}"
EndProject
Project("{FAE04EC0-301F-11D3-BF4B-00C04F79EFBC}") = "Lesson6_3", "Lesson6_2\Lesson6_3.csproj", "{90485F92-156C-4680-96D6-B5EB9F4292C9}"
EndProject
Project("{FAE04EC0-301F-11D3-BF4B-00C04F79EFBC}") = "Lesson6_4", "Lesson6_4\Lesson6_4.csproj", "{97D6F9C0-CB69-47D5-B01C-CBEB418D55A5}"
EndProject
Project("{FAE04EC0-301F-11D3-BF4B-00C04F79EFBC}") = "Lesson7_3", "Lesson7_3\Lesson7_3.csproj", "{AF8745E1-49D6-495C-9F1A-5505442A7D36}"
EndProject
Project("{FAE04EC0-301F-11D3-BF4B-00C04F79EFBC}") = "Lesson7_2", "Lesson7_2\Lesson7_2.csproj", "{B7668565-6A7B-44A6-88AA-7805ED256F34}"
EndProject
Project("{FAE04EC0-301F-11D3-BF4B-00C04F79EFBC}") = "LEsson8_1", "LEsson8_1\LEsson8_1.csproj", "{E0EB7ACC-D889-4A05-8335-ED8B298FA180}"
EndProject
Project("{FAE04EC0-301F-11D3-BF4B-00C04F79EFBC}") = "Lesson8_3", "Lesson8_3\Lesson8_3.csproj", "{C93C807C-5B29-467C-978A-4B661FDDF13C}"
EndProject
Project("{FAE04EC0-301F-11D3-BF4B-00C04F79EFBC}") = "Lesson9_2", "Lesson9_2\Lesson9_2.csproj", "{7627320C-458A-46F3-B3D3-F0B80D599ABF}"
EndProject
Project("{FAE04EC0-301F-11D3-BF4B-00C04F79EFBC}") = "Lesson9_3", "Lesson9_3\Lesson9_3.csproj", "{CAC92C4E-8981-4B23-8988-AAA711EE80BF}"
EndProject
Project("{FAE04EC0-301F-11D3-BF4B-00C04F79EFBC}") = "Delegates_MSDN", "Delegates_MSDN\Delegates_MSDN.csproj", "{10500013-F9C5-4271-B9D3-6D0D072C33EC}"
EndProject
Project("{FAE04EC0-301F-11D3-BF4B-00C04F79EFBC}") = "Lesson10_2", "Lesson10_2\Lesson10_2.csproj", "{7D8A3BB9-BEA5-4DEF-9472-4821F3AB087C}"
EndProject
Project("{FAE04EC0-301F-11D3-BF4B-00C04F79EFBC}") = "Lesson10_4", "Lesson10_4\Lesson10_4.csproj", "{00396A21-4739-46A5-B00E-4A35C2C697A5}"
EndProject
Project("{FAE04EC0-301F-11D3-BF4B-00C04F79EFBC}") = "Lesson11_2", "Lesson11_2\Lesson11_2.csproj", "{4E24827D-AC17-4D83-8C8F-C9D50B5560F9}"
EndProject
Project("{FAE04EC0-301F-11D3-BF4B-00C04F79EFBC}") = "Lesson11_4", "Lesson11_4\Lesson11_4.csproj", "{838DF69E-04E8-48E8-A9A9-0AC947DA47FD}"
EndProject
Project("{FAE04EC0-301F-11D3-BF4B-00C04F79EFBC}") = "Lesson11_3", "Lesson11_3\Lesson11_3.csproj", "{128F0E1D-2651-4FCE-B9BA-BE1F469DAE19}"
EndProject
Project("{FAE04EC0-301F-11D3-BF4B-00C04F79EFBC}") = "Lesson12_3", "Lesson12_3\Lesson12_3.csproj", "{533D3C29-1685-4319-A90A-E634C6C90F76}"
EndProject
Project("{FAE04EC0-301F-11D3-BF4B-00C04F79EFBC}") = "test", "test\test.csproj", "{C6260625-9E71-4533-8513-A5451F32F181}"
EndProject
Project("{FAE04EC0-301F-11D3-BF4B-00C04F79EFBC}") = "Lesson12_1(PrintAB_Example)", "Lesson12_1(PrintAB_Example)\Lesson12_1(PrintAB_Example).csproj", "{5279A07E-109A-40A1-B3D9-FA14A4FA763A}"
EndProject
Project("{FAE04EC0-301F-11D3-BF4B-00C04F79EFBC}") = "Lesson13_2", "Lesson13_2\Lesson13_2.csproj", "{05210970-B15F-4A3D-B649-0CACF2363D49}"
EndProject
Project("{FAE04EC0-301F-11D3-BF4B-00C04F79EFBC}") = "Lesson16_2", "Lesson16_2\Lesson16_2.csproj", "{E0099A7F-3717-4A18-B34F-390CDD086DED}"
EndProject
Global
	GlobalSection(SolutionConfigurationPlatforms) = preSolution
		Debug|Any CPU = Debug|Any CPU
		Release|Any CPU = Release|Any CPU
	EndGlobalSection
	GlobalSection(ProjectConfigurationPlatforms) = postSolution
		{4E3C9A0B-A01F-4D0C-B80D-C5FC737EDB68}.Debug|Any CPU.ActiveCfg = Debug|Any CPU
		{4E3C9A0B-A01F-4D0C-B80D-C5FC737EDB68}.Debug|Any CPU.Build.0 = Debug|Any CPU
		{4E3C9A0B-A01F-4D0C-B80D-C5FC737EDB68}.Release|Any CPU.ActiveCfg = Release|Any CPU
		{4E3C9A0B-A01F-4D0C-B80D-C5FC737EDB68}.Release|Any CPU.Build.0 = Release|Any CPU
		{AC0F2747-F11F-4D9D-A844-3ED463C6891F}.Debug|Any CPU.ActiveCfg = Debug|Any CPU
		{AC0F2747-F11F-4D9D-A844-3ED463C6891F}.Debug|Any CPU.Build.0 = Debug|Any CPU
		{AC0F2747-F11F-4D9D-A844-3ED463C6891F}.Release|Any CPU.ActiveCfg = Release|Any CPU
		{AC0F2747-F11F-4D9D-A844-3ED463C6891F}.Release|Any CPU.Build.0 = Release|Any CPU
		{90485F92-156C-4680-96D6-B5EB9F4292C9}.Debug|Any CPU.ActiveCfg = Debug|Any CPU
		{90485F92-156C-4680-96D6-B5EB9F4292C9}.Debug|Any CPU.Build.0 = Debug|Any CPU
		{90485F92-156C-4680-96D6-B5EB9F4292C9}.Release|Any CPU.ActiveCfg = Release|Any CPU
		{90485F92-156C-4680-96D6-B5EB9F4292C9}.Release|Any CPU.Build.0 = Release|Any CPU
		{97D6F9C0-CB69-47D5-B01C-CBEB418D55A5}.Debug|Any CPU.ActiveCfg = Debug|Any CPU
		{97D6F9C0-CB69-47D5-B01C-CBEB418D55A5}.Debug|Any CPU.Build.0 = Debug|Any CPU
		{97D6F9C0-CB69-47D5-B01C-CBEB418D55A5}.Release|Any CPU.ActiveCfg = Release|Any CPU
		{97D6F9C0-CB69-47D5-B01C-CBEB418D55A5}.Release|Any CPU.Build.0 = Release|Any CPU
		{AF8745E1-49D6-495C-9F1A-5505442A7D36}.Debug|Any CPU.ActiveCfg = Debug|Any CPU
		{AF8745E1-49D6-495C-9F1A-5505442A7D36}.Debug|Any CPU.Build.0 = Debug|Any CPU
		{AF8745E1-49D6-495C-9F1A-5505442A7D36}.Release|Any CPU.ActiveCfg = Release|Any CPU
		{AF8745E1-49D6-495C-9F1A-5505442A7D36}.Release|Any CPU.Build.0 = Release|Any CPU
		{B7668565-6A7B-44A6-88AA-7805ED256F34}.Debug|Any CPU.ActiveCfg = Debug|Any CPU
		{B7668565-6A7B-44A6-88AA-7805ED256F34}.Debug|Any CPU.Build.0 = Debug|Any CPU
		{B7668565-6A7B-44A6-88AA-7805ED256F34}.Release|Any CPU.ActiveCfg = Release|Any CPU
		{B7668565-6A7B-44A6-88AA-7805ED256F34}.Release|Any CPU.Build.0 = Release|Any CPU
		{E0EB7ACC-D889-4A05-8335-ED8B298FA180}.Debug|Any CPU.ActiveCfg = Debug|Any CPU
		{E0EB7ACC-D889-4A05-8335-ED8B298FA180}.Debug|Any CPU.Build.0 = Debug|Any CPU
		{E0EB7ACC-D889-4A05-8335-ED8B298FA180}.Release|Any CPU.ActiveCfg = Release|Any CPU
		{E0EB7ACC-D889-4A05-8335-ED8B298FA180}.Release|Any CPU.Build.0 = Release|Any CPU
		{C93C807C-5B29-467C-978A-4B661FDDF13C}.Debug|Any CPU.ActiveCfg = Debug|Any CPU
		{C93C807C-5B29-467C-978A-4B661FDDF13C}.Debug|Any CPU.Build.0 = Debug|Any CPU
		{C93C807C-5B29-467C-978A-4B661FDDF13C}.Release|Any CPU.ActiveCfg = Release|Any CPU
		{C93C807C-5B29-467C-978A-4B661FDDF13C}.Release|Any CPU.Build.0 = Release|Any CPU
		{7627320C-458A-46F3-B3D3-F0B80D599ABF}.Debug|Any CPU.ActiveCfg = Debug|Any CPU
		{7627320C-458A-46F3-B3D3-F0B80D599ABF}.Debug|Any CPU.Build.0 = Debug|Any CPU
		{7627320C-458A-46F3-B3D3-F0B80D599ABF}.Release|Any CPU.ActiveCfg = Release|Any CPU
		{7627320C-458A-46F3-B3D3-F0B80D599ABF}.Release|Any CPU.Build.0 = Release|Any CPU
		{CAC92C4E-8981-4B23-8988-AAA711EE80BF}.Debug|Any CPU.ActiveCfg = Debug|Any CPU
		{CAC92C4E-8981-4B23-8988-AAA711EE80BF}.Debug|Any CPU.Build.0 = Debug|Any CPU
		{CAC92C4E-8981-4B23-8988-AAA711EE80BF}.Release|Any CPU.ActiveCfg = Release|Any CPU
		{CAC92C4E-8981-4B23-8988-AAA711EE80BF}.Release|Any CPU.Build.0 = Release|Any CPU
		{10500013-F9C5-4271-B9D3-6D0D072C33EC}.Debug|Any CPU.ActiveCfg = Debug|Any CPU
		{10500013-F9C5-4271-B9D3-6D0D072C33EC}.Debug|Any CPU.Build.0 = Debug|Any CPU
		{10500013-F9C5-4271-B9D3-6D0D072C33EC}.Release|Any CPU.ActiveCfg = Release|Any CPU
		{10500013-F9C5-4271-B9D3-6D0D072C33EC}.Release|Any CPU.Build.0 = Release|Any CPU
		{7D8A3BB9-BEA5-4DEF-9472-4821F3AB087C}.Debug|Any CPU.ActiveCfg = Debug|Any CPU
		{7D8A3BB9-BEA5-4DEF-9472-4821F3AB087C}.Debug|Any CPU.Build.0 = Debug|Any CPU
		{7D8A3BB9-BEA5-4DEF-9472-4821F3AB087C}.Release|Any CPU.ActiveCfg = Release|Any CPU
		{7D8A3BB9-BEA5-4DEF-9472-4821F3AB087C}.Release|Any CPU.Build.0 = Release|Any CPU
		{00396A21-4739-46A5-B00E-4A35C2C697A5}.Debug|Any CPU.ActiveCfg = Debug|Any CPU
		{00396A21-4739-46A5-B00E-4A35C2C697A5}.Debug|Any CPU.Build.0 = Debug|Any CPU
		{00396A21-4739-46A5-B00E-4A35C2C697A5}.Release|Any CPU.ActiveCfg = Release|Any CPU
		{00396A21-4739-46A5-B00E-4A35C2C697A5}.Release|Any CPU.Build.0 = Release|Any CPU
		{4E24827D-AC17-4D83-8C8F-C9D50B5560F9}.Debug|Any CPU.ActiveCfg = Debug|Any CPU
		{4E24827D-AC17-4D83-8C8F-C9D50B5560F9}.Debug|Any CPU.Build.0 = Debug|Any CPU
		{4E24827D-AC17-4D83-8C8F-C9D50B5560F9}.Release|Any CPU.ActiveCfg = Release|Any CPU
		{4E24827D-AC17-4D83-8C8F-C9D50B5560F9}.Release|Any CPU.Build.0 = Release|Any CPU
		{838DF69E-04E8-48E8-A9A9-0AC947DA47FD}.Debug|Any CPU.ActiveCfg = Debug|Any CPU
		{838DF69E-04E8-48E8-A9A9-0AC947DA47FD}.Debug|Any CPU.Build.0 = Debug|Any CPU
		{838DF69E-04E8-48E8-A9A9-0AC947DA47FD}.Release|Any CPU.ActiveCfg = Release|Any CPU
		{838DF69E-04E8-48E8-A9A9-0AC947DA47FD}.Release|Any CPU.Build.0 = Release|Any CPU
		{128F0E1D-2651-4FCE-B9BA-BE1F469DAE19}.Debug|Any CPU.ActiveCfg = Debug|Any CPU
		{128F0E1D-2651-4FCE-B9BA-BE1F469DAE19}.Debug|Any CPU.Build.0 = Debug|Any CPU
		{128F0E1D-2651-4FCE-B9BA-BE1F469DAE19}.Release|Any CPU.ActiveCfg = Release|Any CPU
		{128F0E1D-2651-4FCE-B9BA-BE1F469DAE19}.Release|Any CPU.Build.0 = Release|Any CPU
		{533D3C29-1685-4319-A90A-E634C6C90F76}.Debug|Any CPU.ActiveCfg = Debug|Any CPU
		{533D3C29-1685-4319-A90A-E634C6C90F76}.Debug|Any CPU.Build.0 = Debug|Any CPU
		{533D3C29-1685-4319-A90A-E634C6C90F76}.Release|Any CPU.ActiveCfg = Release|Any CPU
		{533D3C29-1685-4319-A90A-E634C6C90F76}.Release|Any CPU.Build.0 = Release|Any CPU
		{C6260625-9E71-4533-8513-A5451F32F181}.Debug|Any CPU.ActiveCfg = Debug|Any CPU
		{C6260625-9E71-4533-8513-A5451F32F181}.Debug|Any CPU.Build.0 = Debug|Any CPU
		{C6260625-9E71-4533-8513-A5451F32F181}.Release|Any CPU.ActiveCfg = Release|Any CPU
		{C6260625-9E71-4533-8513-A5451F32F181}.Release|Any CPU.Build.0 = Release|Any CPU
		{5279A07E-109A-40A1-B3D9-FA14A4FA763A}.Debug|Any CPU.ActiveCfg = Debug|Any CPU
		{5279A07E-109A-40A1-B3D9-FA14A4FA763A}.Debug|Any CPU.Build.0 = Debug|Any CPU
		{5279A07E-109A-40A1-B3D9-FA14A4FA763A}.Release|Any CPU.ActiveCfg = Release|Any CPU
		{5279A07E-109A-40A1-B3D9-FA14A4FA763A}.Release|Any CPU.Build.0 = Release|Any CPU
		{05210970-B15F-4A3D-B649-0CACF2363D49}.Debug|Any CPU.ActiveCfg = Debug|Any CPU
		{05210970-B15F-4A3D-B649-0CACF2363D49}.Debug|Any CPU.Build.0 = Debug|Any CPU
		{05210970-B15F-4A3D-B649-0CACF2363D49}.Release|Any CPU.ActiveCfg = Release|Any CPU
		{05210970-B15F-4A3D-B649-0CACF2363D49}.Release|Any CPU.Build.0 = Release|Any CPU
		{E0099A7F-3717-4A18-B34F-390CDD086DED}.Debug|Any CPU.ActiveCfg = Debug|Any CPU
		{E0099A7F-3717-4A18-B34F-390CDD086DED}.Debug|Any CPU.Build.0 = Debug|Any CPU
		{E0099A7F-3717-4A18-B34F-390CDD086DED}.Release|Any CPU.ActiveCfg = Release|Any CPU
		{E0099A7F-3717-4A18-B34F-390CDD086DED}.Release|Any CPU.Build.0 = Release|Any CPU
	EndGlobalSection
	GlobalSection(SolutionProperties) = preSolution
		HideSolutionNode = FALSE
	EndGlobalSection
	GlobalSection(ExtensibilityGlobals) = postSolution
		SolutionGuid = {95CF6F79-2B96-43CB-86FA-DFCBB44BD91A}
	EndGlobalSection
EndGlobal
